
Microsoft Visual Studio Solution File, Format Version 12.00
# Visual Studio Version 17
VisualStudioVersion = 17.5.002.0
MinimumVisualStudioVersion = 10.0.40219.1
Project("{9A19103F-16F7-4668-BE54-9A1E7A4F7556}") = "RazorPagesClubRanking", "RazorPagesClubRanking.csproj", "{A3763DBC-FD03-4870-AE90-72D007A6E6B1}"
EndProject
Global
	GlobalSection(SolutionConfigurationPlatforms) = preSolution
		Debug|Any CPU = Debug|Any CPU
		Release|Any CPU = Release|Any CPU
	EndGlobalSection
	GlobalSection(ProjectConfigurationPlatforms) = postSolution
		{A3763DBC-FD03-4870-AE90-72D007A6E6B1}.Debug|Any CPU.ActiveCfg = Debug|Any CPU
		{A3763DBC-FD03-4870-AE90-72D007A6E6B1}.Debug|Any CPU.Build.0 = Debug|Any CPU
		{A3763DBC-FD03-4870-AE90-72D007A6E6B1}.Release|Any CPU.ActiveCfg = Release|Any CPU
		{A3763DBC-FD03-4870-AE90-72D007A6E6B1}.Release|Any CPU.Build.0 = Release|Any CPU
	EndGlobalSection
	GlobalSection(SolutionProperties) = preSolution
		HideSolutionNode = FALSE
	EndGlobalSection
	GlobalSection(ExtensibilityGlobals) = postSolution
		SolutionGuid = {65C123FF-437D-4001-8EA5-5242093F54D8}
	EndGlobalSection
EndGlobal
